
Microsoft Visual Studio Solution File, Format Version 12.00
# Visual Studio Version 16
VisualStudioVersion = 16.0.30517.126
MinimumVisualStudioVersion = 10.0.40219.1
Project("{00D1A9C2-B5F0-4AF3-8072-F6C62B433612}") = "Turgenev_database", "Turgenev_database\Turgenev_database.sqlproj", "{C1726E57-7D33-48DA-929B-16FDB7EA9BD4}"
EndProject
Project("{D2ABAB84-BF74-430A-B69E-9DC6D40DDA17}") = "Turgenev_AS", "Turgenev_AS\Turgenev_AS.dwproj", "{381C7CC9-4402-4456-87FE-8A5EA958ADC4}"
EndProject
Global
	GlobalSection(SolutionConfigurationPlatforms) = preSolution
		Debug|Any CPU = Debug|Any CPU
		Development|Any CPU = Development|Any CPU
		Release|Any CPU = Release|Any CPU
	EndGlobalSection
	GlobalSection(ProjectConfigurationPlatforms) = postSolution
		{C1726E57-7D33-48DA-929B-16FDB7EA9BD4}.Debug|Any CPU.ActiveCfg = Debug|Any CPU
		{C1726E57-7D33-48DA-929B-16FDB7EA9BD4}.Debug|Any CPU.Build.0 = Debug|Any CPU
		{C1726E57-7D33-48DA-929B-16FDB7EA9BD4}.Debug|Any CPU.Deploy.0 = Debug|Any CPU
		{C1726E57-7D33-48DA-929B-16FDB7EA9BD4}.Development|Any CPU.ActiveCfg = Debug|Any CPU
		{C1726E57-7D33-48DA-929B-16FDB7EA9BD4}.Development|Any CPU.Build.0 = Debug|Any CPU
		{C1726E57-7D33-48DA-929B-16FDB7EA9BD4}.Development|Any CPU.Deploy.0 = Debug|Any CPU
		{C1726E57-7D33-48DA-929B-16FDB7EA9BD4}.Release|Any CPU.ActiveCfg = Release|Any CPU
		{C1726E57-7D33-48DA-929B-16FDB7EA9BD4}.Release|Any CPU.Build.0 = Release|Any CPU
		{C1726E57-7D33-48DA-929B-16FDB7EA9BD4}.Release|Any CPU.Deploy.0 = Release|Any CPU
		{381C7CC9-4402-4456-87FE-8A5EA958ADC4}.Debug|Any CPU.ActiveCfg = Development
		{381C7CC9-4402-4456-87FE-8A5EA958ADC4}.Debug|Any CPU.Build.0 = Development
		{381C7CC9-4402-4456-87FE-8A5EA958ADC4}.Debug|Any CPU.Deploy.0 = Development
		{381C7CC9-4402-4456-87FE-8A5EA958ADC4}.Development|Any CPU.ActiveCfg = Development
		{381C7CC9-4402-4456-87FE-8A5EA958ADC4}.Development|Any CPU.Build.0 = Development
		{381C7CC9-4402-4456-87FE-8A5EA958ADC4}.Development|Any CPU.Deploy.0 = Development
		{381C7CC9-4402-4456-87FE-8A5EA958ADC4}.Release|Any CPU.ActiveCfg = Development
		{381C7CC9-4402-4456-87FE-8A5EA958ADC4}.Release|Any CPU.Build.0 = Development
		{381C7CC9-4402-4456-87FE-8A5EA958ADC4}.Release|Any CPU.Deploy.0 = Development
	EndGlobalSection
	GlobalSection(SolutionProperties) = preSolution
		HideSolutionNode = FALSE
	EndGlobalSection
	GlobalSection(ExtensibilityGlobals) = postSolution
		SolutionGuid = {E89AC843-541D-4F6C-BFF9-7ED3F6E5C962}
	EndGlobalSection
EndGlobal
